
Microsoft Visual Studio Solution File, Format Version 12.00
# Visual Studio Version 17
VisualStudioVersion = 17.10.35122.118
MinimumVisualStudioVersion = 10.0.40219.1
Project("{9A19103F-16F7-4668-BE54-9A1E7A4F7556}") = "ToDoList", "ToDoList.csproj", "{3548F673-D2FB-490D-911D-4C9A7E949EA2}"
EndProject
Global
	GlobalSection(SolutionConfigurationPlatforms) = preSolution
		Debug|Any CPU = Debug|Any CPU
		Release|Any CPU = Release|Any CPU
	EndGlobalSection
	GlobalSection(ProjectConfigurationPlatforms) = postSolution
		{3548F673-D2FB-490D-911D-4C9A7E949EA2}.Debug|Any CPU.ActiveCfg = Debug|Any CPU
		{3548F673-D2FB-490D-911D-4C9A7E949EA2}.Debug|Any CPU.Build.0 = Debug|Any CPU
		{3548F673-D2FB-490D-911D-4C9A7E949EA2}.Release|Any CPU.ActiveCfg = Release|Any CPU
		{3548F673-D2FB-490D-911D-4C9A7E949EA2}.Release|Any CPU.Build.0 = Release|Any CPU
	EndGlobalSection
	GlobalSection(SolutionProperties) = preSolution
		HideSolutionNode = FALSE
	EndGlobalSection
	GlobalSection(ExtensibilityGlobals) = postSolution
		SolutionGuid = {D8005E79-F063-48EB-8E30-F1262C8E912E}
	EndGlobalSection
EndGlobal
